dependencies:
- name: mongodb
  repository: https://charts.bitnami.com/bitnami
  version: 13.10.1
- name: redis
  repository: https://charts.bitnami.com/bitnami
  version: 17.10.1
- name: kafka
  repository: https://charts.bitnami.com/bitnami
  version: 22.1.2
- name: logstash
  repository: https://helm.elastic.co
  version: 8.5.1
- name: elasticsearch
  repository: https://helm.elastic.co
  version: 8.5.1
- name: kibana
  repository: https://helm.elastic.co
  version: 8.5.1
digest: sha256:c1d276a0a4b4139538fd9cdab929a3fb55c5fa9c01d69e09c26263b6c56ee81b
generated: "2023-05-26T19:15:50.8394068+03:00"
